// !$*UTF8*$!
{
	archiveVersion = 1;
	classes = {
	};
	objectVersion = 46;
	objects = {

/* Begin PBXBuildFile section */
		630F90E41A1BAB270031E510 /* AppDelegate.swift in Sources */ = {isa = PBXBuildFile; fileRef = 630F90E31A1BAB270031E510 /* AppDelegate.swift */; };
		630F90E61A1BAB270031E510 /* ViewController.swift in Sources */ = {isa = PBXBuildFile; fileRef = 630F90E51A1BAB270031E510 /* ViewController.swift */; };
		630F90E91A1BAB270031E510 /* Main.storyboard in Resources */ = {isa = PBXBuildFile; fileRef = 630F90E71A1BAB270031E510 /* Main.storyboard */; };
		630F90EB1A1BAB270031E510 /* Images.xcassets in Resources */ = {isa = PBXBuildFile; fileRef = 630F90EA1A1BAB270031E510 /* Images.xcassets */; };
		630F90EE1A1BAB270031E510 /* LaunchScreen.xib in Resources */ = {isa = PBXBuildFile; fileRef = 630F90EC1A1BAB270031E510 /* LaunchScreen.xib */; };
		630F90FA1A1BAB270031E510 /* mileeMediaTests.swift in Sources */ = {isa = PBXBuildFile; fileRef = 630F90F91A1BAB270031E510 /* mileeMediaTests.swift */; };
		630F91041A1BAB770031E510 /* MobileCoreServices.framework in Frameworks */ = {isa = PBXBuildFile; fileRef = 630F91031A1BAB770031E510 /* MobileCoreServices.framework */; };
		630F91061A1BBB0E0031E510 /* MediaPlayer.framework in Frameworks */ = {isa = PBXBuildFile; fileRef = 630F91051A1BBB0E0031E510 /* MediaPlayer.framework */; };
		6348ED9A1A32B297008905CE /* AVFoundation.framework in Frameworks */ = {isa = PBXBuildFile; fileRef = 6348ED991A32B297008905CE /* AVFoundation.framework */; };
/* End PBXBuildFile section */

/* Begin PBXContainerItemProxy section */
		630F90F41A1BAB270031E510 /* PBXContainerItemProxy */ = {
			isa = PBXContainerItemProxy;
			containerPortal = 630F90D61A1BAB260031E510 /* Project object */;
			proxyType = 1;
			remoteGlobalIDString = 630F90DD1A1BAB270031E510;
			remoteInfo = mileeMedia;
		};
/* End PBXContainerItemProxy section */

/* Begin PBXFileReference section */
		630F90DE1A1BAB270031E510 /* mileeMedia.app */ = {isa = PBXFileReference; explicitFileType = wrapper.application; includeInIndex = 0; path = mileeMedia.app; sourceTree = BUILT_PRODUCTS_DIR; };
		630F90E21A1BAB270031E510 /* Info.plist */ = {isa = PBXFileReference; lastKnownFileType = text.plist.xml; path = Info.plist; sourceTree = "<group>"; };
		630F90E31A1BAB270031E510 /* AppDelegate.swift */ = {isa = PBXFileReference; lastKnownFileType = sourcecode.swift; path = AppDelegate.swift; sourceTree = "<group>"; };
		630F90E51A1BAB270031E510 /* ViewController.swift */ = {isa = PBXFileReference; lastKnownFileType = sourcecode.swift; path = ViewController.swift; sourceTree = "<group>"; };
		630F90E81A1BAB270031E510 /* Base */ = {isa = PBXFileReference; lastKnownFileType = file.storyboard; name = Base; path = Base.lproj/Main.storyboard; sourceTree = "<group>"; };
		630F90EA1A1BAB270031E510 /* Images.xcassets */ = {isa = PBXFileReference; lastKnownFileType = folder.assetcatalog; path = Images.xcassets; sourceTree = "<group>"; };
		630F90ED1A1BAB270031E510 /* Base */ = {isa = PBXFileReference; lastKnownFileType = file.xib; name = Base; path = Base.lproj/LaunchScreen.xib; sourceTree = "<group>"; };
		630F90F31A1BAB270031E510 /* mileeMediaTests.xctest */ = {isa = PBXFileReference; explicitFileType = wrapper.cfbundle; includeInIndex = 0; path = mileeMediaTests.xctest; sourceTree = BUILT_PRODUCTS_DIR; };
		630F90F81A1BAB270031E510 /* Info.plist */ = {isa = PBXFileReference; lastKnownFileType = text.plist.xml; path = Info.plist; sourceTree = "<group>"; };
		630F90F91A1BAB270031E510 /* mileeMediaTests.swift */ = {isa = PBXFileReference; lastKnownFileType = sourcecode.swift; path = mileeMediaTests.swift; sourceTree = "<group>"; };
		630F91031A1BAB770031E510 /* MobileCoreServices.framework */ = {isa = PBXFileReference; lastKnownFileType = wrapper.framework; name = MobileCoreServices.framework; path = System/Library/Frameworks/MobileCoreServices.framework; sourceTree = SDKROOT; };
		630F91051A1BBB0E0031E510 /* MediaPlayer.framework */ = {isa = PBXFileReference; lastKnownFileType = wrapper.framework; name = MediaPlayer.framework; path = System/Library/Frameworks/MediaPlayer.framework; sourceTree = SDKROOT; };
		6348ED991A32B297008905CE /* AVFoundation.framework */ = {isa = PBXFileReference; lastKnownFileType = wrapper.framework; name = AVFoundation.framework; path = System/Library/Frameworks/AVFoundation.framework; sourceTree = SDKROOT; };
		6348ED9B1A32B2C9008905CE /* Hall of Fame ring tone.m4r */ = {isa = PBXFileReference; lastKnownFileType = file; path = "Hall of Fame ring tone.m4r"; sourceTree = "<group>"; };
/* End PBXFileReference section */

/* Begin PBXFrameworksBuildPhase section */
		630F90DB1A1BAB270031E510 /* Frameworks */ = {
			isa = PBXFrameworksBuildPhase;
			buildActionMask = 2147483647;
			files = (
				6348ED9A1A32B297008905CE /* AVFoundation.framework in Frameworks */,
				630F91061A1BBB0E0031E510 /* MediaPlayer.framework in Frameworks */,
				630F91041A1BAB770031E510 /* MobileCoreServices.framework in Frameworks */,
			);
			runOnlyForDeploymentPostprocessing = 0;
		};
		630F90F01A1BAB270031E510 /* Frameworks */ = {
			isa = PBXFrameworksBuildPhase;
			buildActionMask = 2147483647;
			files = (
			);
			runOnlyForDeploymentPostprocessing = 0;
		};
/* End PBXFrameworksBuildPhase section */

/* Begin PBXGroup section */
		630F90D51A1BAB260031E510 = {
			isa = PBXGroup;
			children = (
				6348ED991A32B297008905CE /* AVFoundation.framework */,
				630F91051A1BBB0E0031E510 /* MediaPlayer.framework */,
				630F91031A1BAB770031E510 /* MobileCoreServices.framework */,
				630F90E01A1BAB270031E510 /* mileeMedia */,
				630F90F61A1BAB270031E510 /* mileeMediaTests */,
				630F90DF1A1BAB270031E510 /* Products */,
			);
			sourceTree = "<group>";
		};
		630F90DF1A1BAB270031E510 /* Products */ = {
			isa = PBXGroup;
			children = (
				630F90DE1A1BAB270031E510 /* mileeMedia.app */,
				630F90F31A1BAB270031E510 /* mileeMediaTests.xctest */,
			);
			name = Products;
			sourceTree = "<group>";
		};
		630F90E01A1BAB270031E510 /* mileeMedia */ = {
			isa = PBXGroup;
			children = (
				630F90E31A1BAB270031E510 /* AppDelegate.swift */,
				630F90E51A1BAB270031E510 /* ViewController.swift */,
				630F90E71A1BAB270031E510 /* Main.storyboard */,
				630F90EA1A1BAB270031E510 /* Images.xcassets */,
				630F90EC1A1BAB270031E510 /* LaunchScreen.xib */,
				630F90E11A1BAB270031E510 /* Supporting Files */,
			);
			path = mileeMedia;
			sourceTree = "<group>";
		};
		630F90E11A1BAB270031E510 /* Supporting Files */ = {
			isa = PBXGroup;
			children = (
				6348ED9B1A32B2C9008905CE /* Hall of Fame ring tone.m4r */,
				630F90E21A1BAB270031E510 /* Info.plist */,
			);
			name = "Supporting Files";
			sourceTree = "<group>";
		};
		630F90F61A1BAB270031E510 /* mileeMediaTests */ = {
			isa = PBXGroup;
			children = (
				630F90F91A1BAB270031E510 /* mileeMediaTests.swift */,
				630F90F71A1BAB270031E510 /* Supporting Files */,
			);
			path = mileeMediaTests;
			sourceTree = "<group>";
		};
		630F90F71A1BAB270031E510 /* Supporting Files */ = {
			isa = PBXGroup;
			children = (
				630F90F81A1BAB270031E510 /* Info.plist */,
			);
			name = "Supporting Files";
			sourceTree = "<group>";
		};
/* End PBXGroup section */

/* Begin PBXNativeTarget section */
		630F90DD1A1BAB270031E510 /* mileeMedia */ = {
			isa = PBXNativeTarget;
			buildConfigurationList = 630F90FD1A1BAB270031E510 /* Build configuration list for PBXNativeTarget "mileeMedia" */;
			buildPhases = (
				630F90DA1A1BAB270031E510 /* Sources */,
				630F90DB1A1BAB270031E510 /* Frameworks */,
				630F90DC1A1BAB270031E510 /* Resources */,
			);
			buildRules = (
			);
			dependencies = (
			);
			name = mileeMedia;
			productName = mileeMedia;
			productReference = 630F90DE1A1BAB270031E510 /* mileeMedia.app */;
			productType = "com.apple.product-type.application";
		};
		630F90F21A1BAB270031E510 /* mileeMediaTests */ = {
			isa = PBXNativeTarget;
			buildConfigurationList = 630F91001A1BAB270031E510 /* Build configuration list for PBXNativeTarget "mileeMediaTests" */;
			buildPhases = (
				630F90EF1A1BAB270031E510 /* Sources */,
				630F90F01A1BAB270031E510 /* Frameworks */,
				630F90F11A1BAB270031E510 /* Resources */,
			);
			buildRules = (
			);
			dependencies = (
				630F90F51A1BAB270031E510 /* PBXTargetDependency */,
			);
			name = mileeMediaTests;
			productName = mileeMediaTests;
			productReference = 630F90F31A1BAB270031E510 /* mileeMediaTests.xctest */;
			productType = "com.apple.product-type.bundle.unit-test";
		};
/* End PBXNativeTarget section */

/* Begin PBXProject section */
		630F90D61A1BAB260031E510 /* Project object */ = {
			isa = PBXProject;
			attributes = {
				LastUpgradeCheck = 0610;
				ORGANIZATIONNAME = "Milee Shrestha";
				TargetAttributes = {
					630F90DD1A1BAB270031E510 = {
						CreatedOnToolsVersion = 6.1;
					};
					630F90F21A1BAB270031E510 = {
						CreatedOnToolsVersion = 6.1;
						TestTargetID = 630F90DD1A1BAB270031E510;
					};
				};
			};
			buildConfigurationList = 630F90D91A1BAB260031E510 /* Build configuration list for PBXProject "mileeMedia" */;
			compatibilityVersion = "Xcode 3.2";
			developmentRegion = English;
			hasScannedForEncodings = 0;
			knownRegions = (
				en,
				Base,
			);
			mainGroup = 630F90D51A1BAB260031E510;
			productRefGroup = 630F90DF1A1BAB270031E510 /* Products */;
			projectDirPath = "";
			projectRoot = "";
			targets = (
				630F90DD1A1BAB270031E510 /* mileeMedia */,
				630F90F21A1BAB270031E510 /* mileeMediaTests */,
			);
		};
/* End PBXProject section */

/* Begin PBXResourcesBuildPhase section */
		630F90DC1A1BAB270031E510 /* Resources */ = {
			isa = PBXResourcesBuildPhase;
			buildActionMask = 2147483647;
			files = (
				630F90E91A1BAB270031E510 /* Main.storyboard in Resources */,
				630F90EE1A1BAB270031E510 /* LaunchScreen.xib in Resources */,
				630F90EB1A1BAB270031E510 /* Images.xcassets in Resources */,
			);
			runOnlyForDeploymentPostprocessing = 0;
		};
		630F90F11A1BAB270031E510 /* Resources */ = {
			isa = PBXResourcesBuildPhase;
			buildActionMask = 2147483647;
			files = (
			);
			runOnlyForDeploymentPostprocessing = 0;
		};
/* End PBXResourcesBuildPhase section */

/* Begin PBXSourcesBuildPhase section */
		630F90DA1A1BAB270031E510 /* Sources */ = {
			isa = PBXSourcesBuildPhase;
			buildActionMask = 2147483647;
			files = (
				630F90E61A1BAB270031E510 /* ViewController.swift in Sources */,
				630F90E41A1BAB270031E510 /* AppDelegate.swift in Sources */,
			);
			runOnlyForDeploymentPostprocessing = 0;
		};
		630F90EF1A1BAB270031E510 /* Sources */ = {
			isa = PBXSourcesBuildPhase;
			buildActionMask = 2147483647;
			files = (
				630F90FA1A1BAB270031E510 /* mileeMediaTests.swift in Sources */,
			);
			runOnlyForDeploymentPostprocessing = 0;
		};
/* End PBXSourcesBuildPhase section */

/* Begin PBXTargetDependency section */
		630F90F51A1BAB270031E510 /* PBXTargetDependency */ = {
			isa = PBXTargetDependency;
			target = 630F90DD1A1BAB270031E510 /* mileeMedia */;
			targetProxy = 630F90F41A1BAB270031E510 /* PBXContainerItemProxy */;
		};
/* End PBXTargetDependency section */

/* Begin PBXVariantGroup section */
		630F90E71A1BAB270031E510 /* Main.storyboard */ = {
			isa = PBXVariantGroup;
			children = (
				630F90E81A1BAB270031E510 /* Base */,
			);
			name = Main.storyboard;
			sourceTree = "<group>";
		};
		630F90EC1A1BAB270031E510 /* LaunchScreen.xib */ = {
			isa = PBXVariantGroup;
			children = (
				630F90ED1A1BAB270031E510 /* Base */,
			);
			name = LaunchScreen.xib;
			sourceTree = "<group>";
		};
/* End PBXVariantGroup section */

/* Begin XCBuildConfiguration section */
		630F90FB1A1BAB270031E510 /* Debug */ = {
			isa = XCBuildConfiguration;
			buildSettings = {
				ALWAYS_SEARCH_USER_PATHS = NO;
				CLANG_CXX_LANGUAGE_STANDARD = "gnu++0x";
				CLANG_CXX_LIBRARY = "libc++";
				CLANG_ENABLE_MODULES = YES;
				CLANG_ENABLE_OBJC_ARC = YES;
				CLANG_WARN_BOOL_CONVERSION = YES;
				CLANG_WARN_CONSTANT_CONVERSION = YES;
				CLANG_WARN_DIRECT_OBJC_ISA_USAGE = YES_ERROR;
				CLANG_WARN_EMPTY_BODY = YES;
				CLANG_WARN_ENUM_CONVERSION = YES;
				CLANG_WARN_INT_CONVERSION = YES;
				CLANG_WARN_OBJC_ROOT_CLASS = YES_ERROR;
				CLANG_WARN_UNREACHABLE_CODE = YES;
				CLANG_WARN__DUPLICATE_METHOD_MATCH = YES;
				"CODE_SIGN_IDENTITY[sdk=iphoneos*]" = "iPhone Developer";
				COPY_PHASE_STRIP = NO;
				ENABLE_STRICT_OBJC_MSGSEND = YES;
				GCC_C_LANGUAGE_STANDARD = gnu99;
				GCC_DYNAMIC_NO_PIC = NO;
				GCC_OPTIMIZATION_LEVEL = 0;
				GCC_PREPROCESSOR_DEFINITIONS = (
					"DEBUG=1",
					"$(inherited)",
				);
				GCC_SYMBOLS_PRIVATE_EXTERN = NO;
				GCC_WARN_64_TO_32_BIT_CONVERSION = YES;
				GCC_WARN_ABOUT_RETURN_TYPE = YES_ERROR;
				GCC_WARN_UNDECLARED_SELECTOR = YES;
				GCC_WARN_UNINITIALIZED_AUTOS = YES_AGGRESSIVE;
				GCC_WARN_UNUSED_FUNCTION = YES;
				GCC_WARN_UNUSED_VARIABLE = YES;
				IPHONEOS_DEPLOYMENT_TARGET = 8.1;
				MTL_ENABLE_DEBUG_INFO = YES;
				ONLY_ACTIVE_ARCH = YES;
				SDKROOT = iphoneos;
				SWIFT_OPTIMIZATION_LEVEL = "-Onone";
			};
			name = Debug;
		};
		630F90FC1A1BAB270031E510 /* Release */ = {
			isa = XCBuildConfiguration;
			buildSettings = {
				ALWAYS_SEARCH_USER_PATHS = NO;
				CLANG_CXX_LANGUAGE_STANDARD = "gnu++0x";
				CLANG_CXX_LIBRARY = "libc++";
				CLANG_ENABLE_MODULES = YES;
				CLANG_ENABLE_OBJC_ARC = YES;
				CLANG_WARN_BOOL_CONVERSION = YES;
				CLANG_WARN_CONSTANT_CONVERSION = YES;
				CLANG_WARN_DIRECT_OBJC_ISA_USAGE = YES_ERROR;
				CLANG_WARN_EMPTY_BODY = YES;
				CLANG_WARN_ENUM_CONVERSION = YES;
				CLANG_WARN_INT_CONVERSION = YES;
				CLANG_WARN_OBJC_ROOT_CLASS = YES_ERROR;
				CLANG_WARN_UNREACHABLE_CODE = YES;
				CLANG_WARN__DUPLICATE_METHOD_MATCH = YES;
				"CODE_SIGN_IDENTITY[sdk=iphoneos*]" = "iPhone Developer";
				COPY_PHASE_STRIP = YES;
				ENABLE_NS_ASSERTIONS = NO;
				ENABLE_STRICT_OBJC_MSGSEND = YES;
				GCC_C_LANGUAGE_STANDARD = gnu99;
				GCC_WARN_64_TO_32_BIT_CONVERSION = YES;
				GCC_WARN_ABOUT_RETURN_TYPE = YES_ERROR;
				GCC_WARN_UNDECLARED_SELECTOR = YES;
				GCC_WARN_UNINITIALIZED_AUTOS = YES_AGGRESSIVE;
				GCC_WARN_UNUSED_FUNCTION = YES;
				GCC_WARN_UNUSED_VARIABLE = YES;
				IPHONEOS_DEPLOYMENT_TARGET = 8.1;
				MTL_ENABLE_DEBUG_INFO = NO;
				SDKROOT = iphoneos;
				VALIDATE_PRODUCT = YES;
			};
			name = Release;
		};
		630F90FE1A1BAB270031E510 /* Debug */ = {
			isa = XCBuildConfiguration;
			buildSettings = {
				ASSETCATALOG_COMPILER_APPICON_NAME = AppIcon;
				INFOPLIST_FILE = mileeMedia/Info.plist;
				LD_RUNPATH_SEARCH_PATHS = "$(inherited) @executable_path/Frameworks";
				PRODUCT_NAME = "$(TARGET_NAME)";
			};
			name = Debug;
		};
		630F90FF1A1BAB270031E510 /* Release */ = {
			isa = XCBuildConfiguration;
			buildSettings = {
				ASSETCATALOG_COMPILER_APPICON_NAME = AppIcon;
				INFOPLIST_FILE = mileeMedia/Info.plist;
				LD_RUNPATH_SEARCH_PATHS = "$(inherited) @executable_path/Frameworks";
				PRODUCT_NAME = "$(TARGET_NAME)";
			};
			name = Release;
		};
		630F91011A1BAB270031E510 /* Debug */ = {
			isa = XCBuildConfiguration;
			buildSettings = {
				BUNDLE_LOADER = "$(TEST_HOST)";
				FRAMEWORK_SEARCH_PATHS = (
					"$(SDKROOT)/Developer/Library/Frameworks",
					"$(inherited)",
				);
				GCC_PREPROCESSOR_DEFINITIONS = (
					"DEBUG=1",
					"$(inherited)",
				);
				INFOPLIST_FILE = mileeMediaTests/Info.plist;
				LD_RUNPATH_SEARCH_PATHS = "$(inherited) @executable_path/Frameworks @loader_path/Frameworks";
				PRODUCT_NAME = "$(TARGET_NAME)";
				TEST_HOST = "$(BUILT_PRODUCTS_DIR)/mileeMedia.app/mileeMedia";
			};
			name = Debug;
		};
		630F91021A1BAB270031E510 /* Release */ = {
			isa = XCBuildConfiguration;
			buildSettings = {
				BUNDLE_LOADER = "$(TEST_HOST)";
				FRAMEWORK_SEARCH_PATHS = (
					"$(SDKROOT)/Developer/Library/Frameworks",
					"$(inherited)",
				);
				INFOPLIST_FILE = mileeMediaTests/Info.plist;
				LD_RUNPATH_SEARCH_PATHS = "$(inherited) @executable_path/Frameworks @loader_path/Frameworks";
				PRODUCT_NAME = "$(TARGET_NAME)";
				TEST_HOST = "$(BUILT_PRODUCTS_DIR)/mileeMedia.app/mileeMedia";
			};
			name = Release;
		};
/* End XCBuildConfiguration section */

/* Begin XCConfigurationList section */
		630F90D91A1BAB260031E510 /* Build configuration list for PBXProject "mileeMedia" */ = {
			isa = XCConfigurationList;
			buildConfigurations = (
				630F90FB1A1BAB270031E510 /* Debug */,
				630F90FC1A1BAB270031E510 /* Release */,
			);
			defaultConfigurationIsVisible = 0;
			defaultConfigurationName = Release;
		};
		630F90FD1A1BAB270031E510 /* Build configuration list for PBXNativeTarget "mileeMedia" */ = {
			isa = XCConfigurationList;
			buildConfigurations = (
				630F90FE1A1BAB270031E510 /* Debug */,
				630F90FF1A1BAB270031E510 /* Release */,
			);
			defaultConfigurationIsVisible = 0;
			defaultConfigurationName = Release;
		};
		630F91001A1BAB270031E510 /* Build configuration list for PBXNativeTarget "mileeMediaTests" */ = {
			isa = XCConfigurationList;
			buildConfigurations = (
				630F91011A1BAB270031E510 /* Debug */,
				630F91021A1BAB270031E510 /* Release */,
			);
			defaultConfigurationIsVisible = 0;
			defaultConfigurationName = Release;
		};
/* End XCConfigurationList section */
	};
	rootObject = 630F90D61A1BAB260031E510 /* Project object */;
}
