// !$*UTF8*$!
{
	archiveVersion = 1;
	classes = {
	};
	objectVersion = 46;
	objects = {

/* Begin PBXBuildFile section */
		6359625119C88EF8000D392B /* AppDelegate.swift in Sources */ = {isa = PBXBuildFile; fileRef = 6359625019C88EF8000D392B /* AppDelegate.swift */; };
		6359625319C88EF8000D392B /* ViewController.swift in Sources */ = {isa = PBXBuildFile; fileRef = 6359625219C88EF8000D392B /* ViewController.swift */; };
		6359625619C88EF8000D392B /* Main.storyboard in Resources */ = {isa = PBXBuildFile; fileRef = 6359625419C88EF8000D392B /* Main.storyboard */; };
		6359625819C88EF8000D392B /* Images.xcassets in Resources */ = {isa = PBXBuildFile; fileRef = 6359625719C88EF8000D392B /* Images.xcassets */; };
		6359626419C88EF9000D392B /* MileeCrossfaithTests.swift in Sources */ = {isa = PBXBuildFile; fileRef = 6359626319C88EF9000D392B /* MileeCrossfaithTests.swift */; };
/* End PBXBuildFile section */

/* Begin PBXContainerItemProxy section */
		6359625E19C88EF9000D392B /* PBXContainerItemProxy */ = {
			isa = PBXContainerItemProxy;
			containerPortal = 6359624319C88EF3000D392B /* Project object */;
			proxyType = 1;
			remoteGlobalIDString = 6359624A19C88EF6000D392B;
			remoteInfo = MileeCrossfaith;
		};
/* End PBXContainerItemProxy section */

/* Begin PBXFileReference section */
		6359624B19C88EF7000D392B /* MileeCrossfaith.app */ = {isa = PBXFileReference; explicitFileType = wrapper.application; includeInIndex = 0; path = MileeCrossfaith.app; sourceTree = BUILT_PRODUCTS_DIR; };
		6359624F19C88EF7000D392B /* Info.plist */ = {isa = PBXFileReference; lastKnownFileType = text.plist.xml; path = Info.plist; sourceTree = "<group>"; };
		6359625019C88EF8000D392B /* AppDelegate.swift */ = {isa = PBXFileReference; lastKnownFileType = sourcecode.swift; path = AppDelegate.swift; sourceTree = "<group>"; };
		6359625219C88EF8000D392B /* ViewController.swift */ = {isa = PBXFileReference; lastKnownFileType = sourcecode.swift; path = ViewController.swift; sourceTree = "<group>"; };
		6359625519C88EF8000D392B /* Base */ = {isa = PBXFileReference; lastKnownFileType = file.storyboard; name = Base; path = Base.lproj/Main.storyboard; sourceTree = "<group>"; };
		6359625719C88EF8000D392B /* Images.xcassets */ = {isa = PBXFileReference; lastKnownFileType = folder.assetcatalog; path = Images.xcassets; sourceTree = "<group>"; };
		6359625D19C88EF9000D392B /* MileeCrossfaithTests.xctest */ = {isa = PBXFileReference; explicitFileType = wrapper.cfbundle; includeInIndex = 0; path = MileeCrossfaithTests.xctest; sourceTree = BUILT_PRODUCTS_DIR; };
		6359626219C88EF9000D392B /* Info.plist */ = {isa = PBXFileReference; lastKnownFileType = text.plist.xml; path = Info.plist; sourceTree = "<group>"; };
		6359626319C88EF9000D392B /* MileeCrossfaithTests.swift */ = {isa = PBXFileReference; lastKnownFileType = sourcecode.swift; path = MileeCrossfaithTests.swift; sourceTree = "<group>"; };
/* End PBXFileReference section */

/* Begin PBXFrameworksBuildPhase section */
		6359624819C88EF6000D392B /* Frameworks */ = {
			isa = PBXFrameworksBuildPhase;
			buildActionMask = 2147483647;
			files = (
			);
			runOnlyForDeploymentPostprocessing = 0;
		};
		6359625A19C88EF9000D392B /* Frameworks */ = {
			isa = PBXFrameworksBuildPhase;
			buildActionMask = 2147483647;
			files = (
			);
			runOnlyForDeploymentPostprocessing = 0;
		};
/* End PBXFrameworksBuildPhase section */

/* Begin PBXGroup section */
		6359624219C88EF2000D392B = {
			isa = PBXGroup;
			children = (
				6359624D19C88EF7000D392B /* MileeCrossfaith */,
				6359626019C88EF9000D392B /* MileeCrossfaithTests */,
				6359624C19C88EF7000D392B /* Products */,
			);
			sourceTree = "<group>";
		};
		6359624C19C88EF7000D392B /* Products */ = {
			isa = PBXGroup;
			children = (
				6359624B19C88EF7000D392B /* MileeCrossfaith.app */,
				6359625D19C88EF9000D392B /* MileeCrossfaithTests.xctest */,
			);
			name = Products;
			sourceTree = "<group>";
		};
		6359624D19C88EF7000D392B /* MileeCrossfaith */ = {
			isa = PBXGroup;
			children = (
				6359625019C88EF8000D392B /* AppDelegate.swift */,
				6359625219C88EF8000D392B /* ViewController.swift */,
				6359625419C88EF8000D392B /* Main.storyboard */,
				6359625719C88EF8000D392B /* Images.xcassets */,
				6359624E19C88EF7000D392B /* Supporting Files */,
			);
			path = MileeCrossfaith;
			sourceTree = "<group>";
		};
		6359624E19C88EF7000D392B /* Supporting Files */ = {
			isa = PBXGroup;
			children = (
				6359624F19C88EF7000D392B /* Info.plist */,
			);
			name = "Supporting Files";
			sourceTree = "<group>";
		};
		6359626019C88EF9000D392B /* MileeCrossfaithTests */ = {
			isa = PBXGroup;
			children = (
				6359626319C88EF9000D392B /* MileeCrossfaithTests.swift */,
				6359626119C88EF9000D392B /* Supporting Files */,
			);
			path = MileeCrossfaithTests;
			sourceTree = "<group>";
		};
		6359626119C88EF9000D392B /* Supporting Files */ = {
			isa = PBXGroup;
			children = (
				6359626219C88EF9000D392B /* Info.plist */,
			);
			name = "Supporting Files";
			sourceTree = "<group>";
		};
/* End PBXGroup section */

/* Begin PBXNativeTarget section */
		6359624A19C88EF6000D392B /* MileeCrossfaith */ = {
			isa = PBXNativeTarget;
			buildConfigurationList = 6359626719C88EFA000D392B /* Build configuration list for PBXNativeTarget "MileeCrossfaith" */;
			buildPhases = (
				6359624719C88EF6000D392B /* Sources */,
				6359624819C88EF6000D392B /* Frameworks */,
				6359624919C88EF6000D392B /* Resources */,
			);
			buildRules = (
			);
			dependencies = (
			);
			name = MileeCrossfaith;
			productName = MileeCrossfaith;
			productReference = 6359624B19C88EF7000D392B /* MileeCrossfaith.app */;
			productType = "com.apple.product-type.application";
		};
		6359625C19C88EF9000D392B /* MileeCrossfaithTests */ = {
			isa = PBXNativeTarget;
			buildConfigurationList = 6359626A19C88EFA000D392B /* Build configuration list for PBXNativeTarget "MileeCrossfaithTests" */;
			buildPhases = (
				6359625919C88EF9000D392B /* Sources */,
				6359625A19C88EF9000D392B /* Frameworks */,
				6359625B19C88EF9000D392B /* Resources */,
			);
			buildRules = (
			);
			dependencies = (
				6359625F19C88EF9000D392B /* PBXTargetDependency */,
			);
			name = MileeCrossfaithTests;
			productName = MileeCrossfaithTests;
			productReference = 6359625D19C88EF9000D392B /* MileeCrossfaithTests.xctest */;
			productType = "com.apple.product-type.bundle.unit-test";
		};
/* End PBXNativeTarget section */

/* Begin PBXProject section */
		6359624319C88EF3000D392B /* Project object */ = {
			isa = PBXProject;
			attributes = {
				LastUpgradeCheck = 0600;
				ORGANIZATIONNAME = "Milee Shrestha";
				TargetAttributes = {
					6359624A19C88EF6000D392B = {
						CreatedOnToolsVersion = 6.0;
					};
					6359625C19C88EF9000D392B = {
						CreatedOnToolsVersion = 6.0;
						TestTargetID = 6359624A19C88EF6000D392B;
					};
				};
			};
			buildConfigurationList = 6359624619C88EF5000D392B /* Build configuration list for PBXProject "MileeCrossfaith" */;
			compatibilityVersion = "Xcode 3.2";
			developmentRegion = English;
			hasScannedForEncodings = 0;
			knownRegions = (
				en,
				Base,
			);
			mainGroup = 6359624219C88EF2000D392B;
			productRefGroup = 6359624C19C88EF7000D392B /* Products */;
			projectDirPath = "";
			projectRoot = "";
			targets = (
				6359624A19C88EF6000D392B /* MileeCrossfaith */,
				6359625C19C88EF9000D392B /* MileeCrossfaithTests */,
			);
		};
/* End PBXProject section */

/* Begin PBXResourcesBuildPhase section */
		6359624919C88EF6000D392B /* Resources */ = {
			isa = PBXResourcesBuildPhase;
			buildActionMask = 2147483647;
			files = (
				6359625619C88EF8000D392B /* Main.storyboard in Resources */,
				6359625819C88EF8000D392B /* Images.xcassets in Resources */,
			);
			runOnlyForDeploymentPostprocessing = 0;
		};
		6359625B19C88EF9000D392B /* Resources */ = {
			isa = PBXResourcesBuildPhase;
			buildActionMask = 2147483647;
			files = (
			);
			runOnlyForDeploymentPostprocessing = 0;
		};
/* End PBXResourcesBuildPhase section */

/* Begin PBXSourcesBuildPhase section */
		6359624719C88EF6000D392B /* Sources */ = {
			isa = PBXSourcesBuildPhase;
			buildActionMask = 2147483647;
			files = (
				6359625319C88EF8000D392B /* ViewController.swift in Sources */,
				6359625119C88EF8000D392B /* AppDelegate.swift in Sources */,
			);
			runOnlyForDeploymentPostprocessing = 0;
		};
		6359625919C88EF9000D392B /* Sources */ = {
			isa = PBXSourcesBuildPhase;
			buildActionMask = 2147483647;
			files = (
				6359626419C88EF9000D392B /* MileeCrossfaithTests.swift in Sources */,
			);
			runOnlyForDeploymentPostprocessing = 0;
		};
/* End PBXSourcesBuildPhase section */

/* Begin PBXTargetDependency section */
		6359625F19C88EF9000D392B /* PBXTargetDependency */ = {
			isa = PBXTargetDependency;
			target = 6359624A19C88EF6000D392B /* MileeCrossfaith */;
			targetProxy = 6359625E19C88EF9000D392B /* PBXContainerItemProxy */;
		};
/* End PBXTargetDependency section */

/* Begin PBXVariantGroup section */
		6359625419C88EF8000D392B /* Main.storyboard */ = {
			isa = PBXVariantGroup;
			children = (
				6359625519C88EF8000D392B /* Base */,
			);
			name = Main.storyboard;
			sourceTree = "<group>";
		};
/* End PBXVariantGroup section */

/* Begin XCBuildConfiguration section */
		6359626519C88EFA000D392B /* Debug */ = {
			isa = XCBuildConfiguration;
			buildSettings = {
				ALWAYS_SEARCH_USER_PATHS = NO;
				CLANG_CXX_LANGUAGE_STANDARD = "gnu++0x";
				CLANG_CXX_LIBRARY = "libc++";
				CLANG_ENABLE_MODULES = YES;
				CLANG_ENABLE_OBJC_ARC = YES;
				CLANG_WARN_BOOL_CONVERSION = YES;
				CLANG_WARN_CONSTANT_CONVERSION = YES;
				CLANG_WARN_DIRECT_OBJC_ISA_USAGE = YES_ERROR;
				CLANG_WARN_EMPTY_BODY = YES;
				CLANG_WARN_ENUM_CONVERSION = YES;
				CLANG_WARN_INT_CONVERSION = YES;
				CLANG_WARN_OBJC_ROOT_CLASS = YES_ERROR;
				CLANG_WARN_UNREACHABLE_CODE = YES;
				CLANG_WARN__DUPLICATE_METHOD_MATCH = YES;
				"CODE_SIGN_IDENTITY[sdk=iphoneos*]" = "iPhone Developer";
				COPY_PHASE_STRIP = NO;
				ENABLE_STRICT_OBJC_MSGSEND = YES;
				GCC_C_LANGUAGE_STANDARD = gnu99;
				GCC_DYNAMIC_NO_PIC = NO;
				GCC_OPTIMIZATION_LEVEL = 0;
				GCC_PREPROCESSOR_DEFINITIONS = (
					"DEBUG=1",
					"$(inherited)",
				);
				GCC_SYMBOLS_PRIVATE_EXTERN = NO;
				GCC_WARN_64_TO_32_BIT_CONVERSION = YES;
				GCC_WARN_ABOUT_RETURN_TYPE = YES_ERROR;
				GCC_WARN_UNDECLARED_SELECTOR = YES;
				GCC_WARN_UNINITIALIZED_AUTOS = YES_AGGRESSIVE;
				GCC_WARN_UNUSED_FUNCTION = YES;
				GCC_WARN_UNUSED_VARIABLE = YES;
				IPHONEOS_DEPLOYMENT_TARGET = 8.0;
				MTL_ENABLE_DEBUG_INFO = YES;
				ONLY_ACTIVE_ARCH = YES;
				SDKROOT = iphoneos;
				SWIFT_OPTIMIZATION_LEVEL = "-Onone";
			};
			name = Debug;
		};
		6359626619C88EFA000D392B /* Release */ = {
			isa = XCBuildConfiguration;
			buildSettings = {
				ALWAYS_SEARCH_USER_PATHS = NO;
				CLANG_CXX_LANGUAGE_STANDARD = "gnu++0x";
				CLANG_CXX_LIBRARY = "libc++";
				CLANG_ENABLE_MODULES = YES;
				CLANG_ENABLE_OBJC_ARC = YES;
				CLANG_WARN_BOOL_CONVERSION = YES;
				CLANG_WARN_CONSTANT_CONVERSION = YES;
				CLANG_WARN_DIRECT_OBJC_ISA_USAGE = YES_ERROR;
				CLANG_WARN_EMPTY_BODY = YES;
				CLANG_WARN_ENUM_CONVERSION = YES;
				CLANG_WARN_INT_CONVERSION = YES;
				CLANG_WARN_OBJC_ROOT_CLASS = YES_ERROR;
				CLANG_WARN_UNREACHABLE_CODE = YES;
				CLANG_WARN__DUPLICATE_METHOD_MATCH = YES;
				"CODE_SIGN_IDENTITY[sdk=iphoneos*]" = "iPhone Developer";
				COPY_PHASE_STRIP = YES;
				ENABLE_NS_ASSERTIONS = NO;
				ENABLE_STRICT_OBJC_MSGSEND = YES;
				GCC_C_LANGUAGE_STANDARD = gnu99;
				GCC_WARN_64_TO_32_BIT_CONVERSION = YES;
				GCC_WARN_ABOUT_RETURN_TYPE = YES_ERROR;
				GCC_WARN_UNDECLARED_SELECTOR = YES;
				GCC_WARN_UNINITIALIZED_AUTOS = YES_AGGRESSIVE;
				GCC_WARN_UNUSED_FUNCTION = YES;
				GCC_WARN_UNUSED_VARIABLE = YES;
				IPHONEOS_DEPLOYMENT_TARGET = 8.0;
				MTL_ENABLE_DEBUG_INFO = NO;
				SDKROOT = iphoneos;
				VALIDATE_PRODUCT = YES;
			};
			name = Release;
		};
		6359626819C88EFA000D392B /* Debug */ = {
			isa = XCBuildConfiguration;
			buildSettings = {
				ASSETCATALOG_COMPILER_APPICON_NAME = AppIcon;
				ASSETCATALOG_COMPILER_LAUNCHIMAGE_NAME = LaunchImage;
				INFOPLIST_FILE = MileeCrossfaith/Info.plist;
				LD_RUNPATH_SEARCH_PATHS = "$(inherited) @executable_path/Frameworks";
				PRODUCT_NAME = "$(TARGET_NAME)";
			};
			name = Debug;
		};
		6359626919C88EFA000D392B /* Release */ = {
			isa = XCBuildConfiguration;
			buildSettings = {
				ASSETCATALOG_COMPILER_APPICON_NAME = AppIcon;
				ASSETCATALOG_COMPILER_LAUNCHIMAGE_NAME = LaunchImage;
				INFOPLIST_FILE = MileeCrossfaith/Info.plist;
				LD_RUNPATH_SEARCH_PATHS = "$(inherited) @executable_path/Frameworks";
				PRODUCT_NAME = "$(TARGET_NAME)";
			};
			name = Release;
		};
		6359626B19C88EFA000D392B /* Debug */ = {
			isa = XCBuildConfiguration;
			buildSettings = {
				BUNDLE_LOADER = "$(TEST_HOST)";
				FRAMEWORK_SEARCH_PATHS = (
					"$(SDKROOT)/Developer/Library/Frameworks",
					"$(inherited)",
				);
				GCC_PREPROCESSOR_DEFINITIONS = (
					"DEBUG=1",
					"$(inherited)",
				);
				INFOPLIST_FILE = MileeCrossfaithTests/Info.plist;
				LD_RUNPATH_SEARCH_PATHS = "$(inherited) @executable_path/Frameworks @loader_path/Frameworks";
				PRODUCT_NAME = "$(TARGET_NAME)";
				TEST_HOST = "$(BUILT_PRODUCTS_DIR)/MileeCrossfaith.app/MileeCrossfaith";
			};
			name = Debug;
		};
		6359626C19C88EFA000D392B /* Release */ = {
			isa = XCBuildConfiguration;
			buildSettings = {
				BUNDLE_LOADER = "$(TEST_HOST)";
				FRAMEWORK_SEARCH_PATHS = (
					"$(SDKROOT)/Developer/Library/Frameworks",
					"$(inherited)",
				);
				INFOPLIST_FILE = MileeCrossfaithTests/Info.plist;
				LD_RUNPATH_SEARCH_PATHS = "$(inherited) @executable_path/Frameworks @loader_path/Frameworks";
				PRODUCT_NAME = "$(TARGET_NAME)";
				TEST_HOST = "$(BUILT_PRODUCTS_DIR)/MileeCrossfaith.app/MileeCrossfaith";
			};
			name = Release;
		};
/* End XCBuildConfiguration section */

/* Begin XCConfigurationList section */
		6359624619C88EF5000D392B /* Build configuration list for PBXProject "MileeCrossfaith" */ = {
			isa = XCConfigurationList;
			buildConfigurations = (
				6359626519C88EFA000D392B /* Debug */,
				6359626619C88EFA000D392B /* Release */,
			);
			defaultConfigurationIsVisible = 0;
			defaultConfigurationName = Release;
		};
		6359626719C88EFA000D392B /* Build configuration list for PBXNativeTarget "MileeCrossfaith" */ = {
			isa = XCConfigurationList;
			buildConfigurations = (
				6359626819C88EFA000D392B /* Debug */,
				6359626919C88EFA000D392B /* Release */,
			);
			defaultConfigurationIsVisible = 0;
		};
		6359626A19C88EFA000D392B /* Build configuration list for PBXNativeTarget "MileeCrossfaithTests" */ = {
			isa = XCConfigurationList;
			buildConfigurations = (
				6359626B19C88EFA000D392B /* Debug */,
				6359626C19C88EFA000D392B /* Release */,
			);
			defaultConfigurationIsVisible = 0;
		};
/* End XCConfigurationList section */
	};
	rootObject = 6359624319C88EF3000D392B /* Project object */;
}
