// !$*UTF8*$!
{
	archiveVersion = 1;
	classes = {
	};
	objectVersion = 46;
	objects = {

/* Begin PBXBuildFile section */
		6359AA4819C0CA8800A56B20 /* AppDelegate.swift in Sources */ = {isa = PBXBuildFile; fileRef = 6359AA4719C0CA8800A56B20 /* AppDelegate.swift */; };
		6359AA4A19C0CA8800A56B20 /* ViewController.swift in Sources */ = {isa = PBXBuildFile; fileRef = 6359AA4919C0CA8800A56B20 /* ViewController.swift */; };
		6359AA4D19C0CA8800A56B20 /* Main.storyboard in Resources */ = {isa = PBXBuildFile; fileRef = 6359AA4B19C0CA8800A56B20 /* Main.storyboard */; };
		6359AA4F19C0CA8800A56B20 /* Images.xcassets in Resources */ = {isa = PBXBuildFile; fileRef = 6359AA4E19C0CA8800A56B20 /* Images.xcassets */; };
		6359AA5B19C0CA8800A56B20 /* sportsmileeTests.swift in Sources */ = {isa = PBXBuildFile; fileRef = 6359AA5A19C0CA8800A56B20 /* sportsmileeTests.swift */; };
/* End PBXBuildFile section */

/* Begin PBXContainerItemProxy section */
		6359AA5519C0CA8800A56B20 /* PBXContainerItemProxy */ = {
			isa = PBXContainerItemProxy;
			containerPortal = 6359AA3A19C0CA8800A56B20 /* Project object */;
			proxyType = 1;
			remoteGlobalIDString = 6359AA4119C0CA8800A56B20;
			remoteInfo = sportsmilee;
		};
/* End PBXContainerItemProxy section */

/* Begin PBXFileReference section */
		6359AA4219C0CA8800A56B20 /* sportsmilee.app */ = {isa = PBXFileReference; explicitFileType = wrapper.application; includeInIndex = 0; path = sportsmilee.app; sourceTree = BUILT_PRODUCTS_DIR; };
		6359AA4619C0CA8800A56B20 /* Info.plist */ = {isa = PBXFileReference; lastKnownFileType = text.plist.xml; path = Info.plist; sourceTree = "<group>"; };
		6359AA4719C0CA8800A56B20 /* AppDelegate.swift */ = {isa = PBXFileReference; lastKnownFileType = sourcecode.swift; path = AppDelegate.swift; sourceTree = "<group>"; };
		6359AA4919C0CA8800A56B20 /* ViewController.swift */ = {isa = PBXFileReference; lastKnownFileType = sourcecode.swift; path = ViewController.swift; sourceTree = "<group>"; };
		6359AA4C19C0CA8800A56B20 /* Base */ = {isa = PBXFileReference; lastKnownFileType = file.storyboard; name = Base; path = Base.lproj/Main.storyboard; sourceTree = "<group>"; };
		6359AA4E19C0CA8800A56B20 /* Images.xcassets */ = {isa = PBXFileReference; lastKnownFileType = folder.assetcatalog; path = Images.xcassets; sourceTree = "<group>"; };
		6359AA5419C0CA8800A56B20 /* sportsmileeTests.xctest */ = {isa = PBXFileReference; explicitFileType = wrapper.cfbundle; includeInIndex = 0; path = sportsmileeTests.xctest; sourceTree = BUILT_PRODUCTS_DIR; };
		6359AA5919C0CA8800A56B20 /* Info.plist */ = {isa = PBXFileReference; lastKnownFileType = text.plist.xml; path = Info.plist; sourceTree = "<group>"; };
		6359AA5A19C0CA8800A56B20 /* sportsmileeTests.swift */ = {isa = PBXFileReference; lastKnownFileType = sourcecode.swift; path = sportsmileeTests.swift; sourceTree = "<group>"; };
/* End PBXFileReference section */

/* Begin PBXFrameworksBuildPhase section */
		6359AA3F19C0CA8800A56B20 /* Frameworks */ = {
			isa = PBXFrameworksBuildPhase;
			buildActionMask = 2147483647;
			files = (
			);
			runOnlyForDeploymentPostprocessing = 0;
		};
		6359AA5119C0CA8800A56B20 /* Frameworks */ = {
			isa = PBXFrameworksBuildPhase;
			buildActionMask = 2147483647;
			files = (
			);
			runOnlyForDeploymentPostprocessing = 0;
		};
/* End PBXFrameworksBuildPhase section */

/* Begin PBXGroup section */
		6359AA3919C0CA8800A56B20 = {
			isa = PBXGroup;
			children = (
				6359AA4419C0CA8800A56B20 /* sportsmilee */,
				6359AA5719C0CA8800A56B20 /* sportsmileeTests */,
				6359AA4319C0CA8800A56B20 /* Products */,
			);
			sourceTree = "<group>";
		};
		6359AA4319C0CA8800A56B20 /* Products */ = {
			isa = PBXGroup;
			children = (
				6359AA4219C0CA8800A56B20 /* sportsmilee.app */,
				6359AA5419C0CA8800A56B20 /* sportsmileeTests.xctest */,
			);
			name = Products;
			sourceTree = "<group>";
		};
		6359AA4419C0CA8800A56B20 /* sportsmilee */ = {
			isa = PBXGroup;
			children = (
				6359AA4719C0CA8800A56B20 /* AppDelegate.swift */,
				6359AA4919C0CA8800A56B20 /* ViewController.swift */,
				6359AA4B19C0CA8800A56B20 /* Main.storyboard */,
				6359AA4E19C0CA8800A56B20 /* Images.xcassets */,
				6359AA4519C0CA8800A56B20 /* Supporting Files */,
			);
			path = sportsmilee;
			sourceTree = "<group>";
		};
		6359AA4519C0CA8800A56B20 /* Supporting Files */ = {
			isa = PBXGroup;
			children = (
				6359AA4619C0CA8800A56B20 /* Info.plist */,
			);
			name = "Supporting Files";
			sourceTree = "<group>";
		};
		6359AA5719C0CA8800A56B20 /* sportsmileeTests */ = {
			isa = PBXGroup;
			children = (
				6359AA5A19C0CA8800A56B20 /* sportsmileeTests.swift */,
				6359AA5819C0CA8800A56B20 /* Supporting Files */,
			);
			path = sportsmileeTests;
			sourceTree = "<group>";
		};
		6359AA5819C0CA8800A56B20 /* Supporting Files */ = {
			isa = PBXGroup;
			children = (
				6359AA5919C0CA8800A56B20 /* Info.plist */,
			);
			name = "Supporting Files";
			sourceTree = "<group>";
		};
/* End PBXGroup section */

/* Begin PBXNativeTarget section */
		6359AA4119C0CA8800A56B20 /* sportsmilee */ = {
			isa = PBXNativeTarget;
			buildConfigurationList = 6359AA5E19C0CA8800A56B20 /* Build configuration list for PBXNativeTarget "sportsmilee" */;
			buildPhases = (
				6359AA3E19C0CA8800A56B20 /* Sources */,
				6359AA3F19C0CA8800A56B20 /* Frameworks */,
				6359AA4019C0CA8800A56B20 /* Resources */,
			);
			buildRules = (
			);
			dependencies = (
			);
			name = sportsmilee;
			productName = sportsmilee;
			productReference = 6359AA4219C0CA8800A56B20 /* sportsmilee.app */;
			productType = "com.apple.product-type.application";
		};
		6359AA5319C0CA8800A56B20 /* sportsmileeTests */ = {
			isa = PBXNativeTarget;
			buildConfigurationList = 6359AA6119C0CA8800A56B20 /* Build configuration list for PBXNativeTarget "sportsmileeTests" */;
			buildPhases = (
				6359AA5019C0CA8800A56B20 /* Sources */,
				6359AA5119C0CA8800A56B20 /* Frameworks */,
				6359AA5219C0CA8800A56B20 /* Resources */,
			);
			buildRules = (
			);
			dependencies = (
				6359AA5619C0CA8800A56B20 /* PBXTargetDependency */,
			);
			name = sportsmileeTests;
			productName = sportsmileeTests;
			productReference = 6359AA5419C0CA8800A56B20 /* sportsmileeTests.xctest */;
			productType = "com.apple.product-type.bundle.unit-test";
		};
/* End PBXNativeTarget section */

/* Begin PBXProject section */
		6359AA3A19C0CA8800A56B20 /* Project object */ = {
			isa = PBXProject;
			attributes = {
				LastUpgradeCheck = 0600;
				ORGANIZATIONNAME = "Milee Shrestha";
				TargetAttributes = {
					6359AA4119C0CA8800A56B20 = {
						CreatedOnToolsVersion = 6.0;
					};
					6359AA5319C0CA8800A56B20 = {
						CreatedOnToolsVersion = 6.0;
						TestTargetID = 6359AA4119C0CA8800A56B20;
					};
				};
			};
			buildConfigurationList = 6359AA3D19C0CA8800A56B20 /* Build configuration list for PBXProject "sportsmilee" */;
			compatibilityVersion = "Xcode 3.2";
			developmentRegion = English;
			hasScannedForEncodings = 0;
			knownRegions = (
				en,
				Base,
			);
			mainGroup = 6359AA3919C0CA8800A56B20;
			productRefGroup = 6359AA4319C0CA8800A56B20 /* Products */;
			projectDirPath = "";
			projectRoot = "";
			targets = (
				6359AA4119C0CA8800A56B20 /* sportsmilee */,
				6359AA5319C0CA8800A56B20 /* sportsmileeTests */,
			);
		};
/* End PBXProject section */

/* Begin PBXResourcesBuildPhase section */
		6359AA4019C0CA8800A56B20 /* Resources */ = {
			isa = PBXResourcesBuildPhase;
			buildActionMask = 2147483647;
			files = (
				6359AA4D19C0CA8800A56B20 /* Main.storyboard in Resources */,
				6359AA4F19C0CA8800A56B20 /* Images.xcassets in Resources */,
			);
			runOnlyForDeploymentPostprocessing = 0;
		};
		6359AA5219C0CA8800A56B20 /* Resources */ = {
			isa = PBXResourcesBuildPhase;
			buildActionMask = 2147483647;
			files = (
			);
			runOnlyForDeploymentPostprocessing = 0;
		};
/* End PBXResourcesBuildPhase section */

/* Begin PBXSourcesBuildPhase section */
		6359AA3E19C0CA8800A56B20 /* Sources */ = {
			isa = PBXSourcesBuildPhase;
			buildActionMask = 2147483647;
			files = (
				6359AA4A19C0CA8800A56B20 /* ViewController.swift in Sources */,
				6359AA4819C0CA8800A56B20 /* AppDelegate.swift in Sources */,
			);
			runOnlyForDeploymentPostprocessing = 0;
		};
		6359AA5019C0CA8800A56B20 /* Sources */ = {
			isa = PBXSourcesBuildPhase;
			buildActionMask = 2147483647;
			files = (
				6359AA5B19C0CA8800A56B20 /* sportsmileeTests.swift in Sources */,
			);
			runOnlyForDeploymentPostprocessing = 0;
		};
/* End PBXSourcesBuildPhase section */

/* Begin PBXTargetDependency section */
		6359AA5619C0CA8800A56B20 /* PBXTargetDependency */ = {
			isa = PBXTargetDependency;
			target = 6359AA4119C0CA8800A56B20 /* sportsmilee */;
			targetProxy = 6359AA5519C0CA8800A56B20 /* PBXContainerItemProxy */;
		};
/* End PBXTargetDependency section */

/* Begin PBXVariantGroup section */
		6359AA4B19C0CA8800A56B20 /* Main.storyboard */ = {
			isa = PBXVariantGroup;
			children = (
				6359AA4C19C0CA8800A56B20 /* Base */,
			);
			name = Main.storyboard;
			sourceTree = "<group>";
		};
/* End PBXVariantGroup section */

/* Begin XCBuildConfiguration section */
		6359AA5C19C0CA8800A56B20 /* Debug */ = {
			isa = XCBuildConfiguration;
			buildSettings = {
				ALWAYS_SEARCH_USER_PATHS = NO;
				CLANG_CXX_LANGUAGE_STANDARD = "gnu++0x";
				CLANG_CXX_LIBRARY = "libc++";
				CLANG_ENABLE_MODULES = YES;
				CLANG_ENABLE_OBJC_ARC = YES;
				CLANG_WARN_BOOL_CONVERSION = YES;
				CLANG_WARN_CONSTANT_CONVERSION = YES;
				CLANG_WARN_DIRECT_OBJC_ISA_USAGE = YES_ERROR;
				CLANG_WARN_EMPTY_BODY = YES;
				CLANG_WARN_ENUM_CONVERSION = YES;
				CLANG_WARN_INT_CONVERSION = YES;
				CLANG_WARN_OBJC_ROOT_CLASS = YES_ERROR;
				CLANG_WARN_UNREACHABLE_CODE = YES;
				CLANG_WARN__DUPLICATE_METHOD_MATCH = YES;
				"CODE_SIGN_IDENTITY[sdk=iphoneos*]" = "iPhone Developer";
				COPY_PHASE_STRIP = NO;
				ENABLE_STRICT_OBJC_MSGSEND = YES;
				GCC_C_LANGUAGE_STANDARD = gnu99;
				GCC_DYNAMIC_NO_PIC = NO;
				GCC_OPTIMIZATION_LEVEL = 0;
				GCC_PREPROCESSOR_DEFINITIONS = (
					"DEBUG=1",
					"$(inherited)",
				);
				GCC_SYMBOLS_PRIVATE_EXTERN = NO;
				GCC_WARN_64_TO_32_BIT_CONVERSION = YES;
				GCC_WARN_ABOUT_RETURN_TYPE = YES_ERROR;
				GCC_WARN_UNDECLARED_SELECTOR = YES;
				GCC_WARN_UNINITIALIZED_AUTOS = YES_AGGRESSIVE;
				GCC_WARN_UNUSED_FUNCTION = YES;
				GCC_WARN_UNUSED_VARIABLE = YES;
				IPHONEOS_DEPLOYMENT_TARGET = 8.0;
				MTL_ENABLE_DEBUG_INFO = YES;
				ONLY_ACTIVE_ARCH = YES;
				SDKROOT = iphoneos;
				SWIFT_OPTIMIZATION_LEVEL = "-Onone";
				TARGETED_DEVICE_FAMILY = 2;
			};
			name = Debug;
		};
		6359AA5D19C0CA8800A56B20 /* Release */ = {
			isa = XCBuildConfiguration;
			buildSettings = {
				ALWAYS_SEARCH_USER_PATHS = NO;
				CLANG_CXX_LANGUAGE_STANDARD = "gnu++0x";
				CLANG_CXX_LIBRARY = "libc++";
				CLANG_ENABLE_MODULES = YES;
				CLANG_ENABLE_OBJC_ARC = YES;
				CLANG_WARN_BOOL_CONVERSION = YES;
				CLANG_WARN_CONSTANT_CONVERSION = YES;
				CLANG_WARN_DIRECT_OBJC_ISA_USAGE = YES_ERROR;
				CLANG_WARN_EMPTY_BODY = YES;
				CLANG_WARN_ENUM_CONVERSION = YES;
				CLANG_WARN_INT_CONVERSION = YES;
				CLANG_WARN_OBJC_ROOT_CLASS = YES_ERROR;
				CLANG_WARN_UNREACHABLE_CODE = YES;
				CLANG_WARN__DUPLICATE_METHOD_MATCH = YES;
				"CODE_SIGN_IDENTITY[sdk=iphoneos*]" = "iPhone Developer";
				COPY_PHASE_STRIP = YES;
				ENABLE_NS_ASSERTIONS = NO;
				ENABLE_STRICT_OBJC_MSGSEND = YES;
				GCC_C_LANGUAGE_STANDARD = gnu99;
				GCC_WARN_64_TO_32_BIT_CONVERSION = YES;
				GCC_WARN_ABOUT_RETURN_TYPE = YES_ERROR;
				GCC_WARN_UNDECLARED_SELECTOR = YES;
				GCC_WARN_UNINITIALIZED_AUTOS = YES_AGGRESSIVE;
				GCC_WARN_UNUSED_FUNCTION = YES;
				GCC_WARN_UNUSED_VARIABLE = YES;
				IPHONEOS_DEPLOYMENT_TARGET = 8.0;
				MTL_ENABLE_DEBUG_INFO = NO;
				SDKROOT = iphoneos;
				TARGETED_DEVICE_FAMILY = 2;
				VALIDATE_PRODUCT = YES;
			};
			name = Release;
		};
		6359AA5F19C0CA8800A56B20 /* Debug */ = {
			isa = XCBuildConfiguration;
			buildSettings = {
				ASSETCATALOG_COMPILER_APPICON_NAME = AppIcon;
				ASSETCATALOG_COMPILER_LAUNCHIMAGE_NAME = LaunchImage;
				INFOPLIST_FILE = sportsmilee/Info.plist;
				LD_RUNPATH_SEARCH_PATHS = "$(inherited) @executable_path/Frameworks";
				PRODUCT_NAME = "$(TARGET_NAME)";
			};
			name = Debug;
		};
		6359AA6019C0CA8800A56B20 /* Release */ = {
			isa = XCBuildConfiguration;
			buildSettings = {
				ASSETCATALOG_COMPILER_APPICON_NAME = AppIcon;
				ASSETCATALOG_COMPILER_LAUNCHIMAGE_NAME = LaunchImage;
				INFOPLIST_FILE = sportsmilee/Info.plist;
				LD_RUNPATH_SEARCH_PATHS = "$(inherited) @executable_path/Frameworks";
				PRODUCT_NAME = "$(TARGET_NAME)";
			};
			name = Release;
		};
		6359AA6219C0CA8800A56B20 /* Debug */ = {
			isa = XCBuildConfiguration;
			buildSettings = {
				BUNDLE_LOADER = "$(TEST_HOST)";
				FRAMEWORK_SEARCH_PATHS = (
					"$(SDKROOT)/Developer/Library/Frameworks",
					"$(inherited)",
				);
				GCC_PREPROCESSOR_DEFINITIONS = (
					"DEBUG=1",
					"$(inherited)",
				);
				INFOPLIST_FILE = sportsmileeTests/Info.plist;
				LD_RUNPATH_SEARCH_PATHS = "$(inherited) @executable_path/Frameworks @loader_path/Frameworks";
				PRODUCT_NAME = "$(TARGET_NAME)";
				TEST_HOST = "$(BUILT_PRODUCTS_DIR)/sportsmilee.app/sportsmilee";
			};
			name = Debug;
		};
		6359AA6319C0CA8800A56B20 /* Release */ = {
			isa = XCBuildConfiguration;
			buildSettings = {
				BUNDLE_LOADER = "$(TEST_HOST)";
				FRAMEWORK_SEARCH_PATHS = (
					"$(SDKROOT)/Developer/Library/Frameworks",
					"$(inherited)",
				);
				INFOPLIST_FILE = sportsmileeTests/Info.plist;
				LD_RUNPATH_SEARCH_PATHS = "$(inherited) @executable_path/Frameworks @loader_path/Frameworks";
				PRODUCT_NAME = "$(TARGET_NAME)";
				TEST_HOST = "$(BUILT_PRODUCTS_DIR)/sportsmilee.app/sportsmilee";
			};
			name = Release;
		};
/* End XCBuildConfiguration section */

/* Begin XCConfigurationList section */
		6359AA3D19C0CA8800A56B20 /* Build configuration list for PBXProject "sportsmilee" */ = {
			isa = XCConfigurationList;
			buildConfigurations = (
				6359AA5C19C0CA8800A56B20 /* Debug */,
				6359AA5D19C0CA8800A56B20 /* Release */,
			);
			defaultConfigurationIsVisible = 0;
			defaultConfigurationName = Release;
		};
		6359AA5E19C0CA8800A56B20 /* Build configuration list for PBXNativeTarget "sportsmilee" */ = {
			isa = XCConfigurationList;
			buildConfigurations = (
				6359AA5F19C0CA8800A56B20 /* Debug */,
				6359AA6019C0CA8800A56B20 /* Release */,
			);
			defaultConfigurationIsVisible = 0;
		};
		6359AA6119C0CA8800A56B20 /* Build configuration list for PBXNativeTarget "sportsmileeTests" */ = {
			isa = XCConfigurationList;
			buildConfigurations = (
				6359AA6219C0CA8800A56B20 /* Debug */,
				6359AA6319C0CA8800A56B20 /* Release */,
			);
			defaultConfigurationIsVisible = 0;
		};
/* End XCConfigurationList section */
	};
	rootObject = 6359AA3A19C0CA8800A56B20 /* Project object */;
}
