// !$*UTF8*$!
{
	archiveVersion = 1;
	classes = {
	};
	objectVersion = 46;
	objects = {

/* Begin PBXBuildFile section */
		63C84F8A1A044FF90000322F /* qwordswithoutu1.plist in Resources */ = {isa = PBXBuildFile; fileRef = 63C84F891A044FF90000322F /* qwordswithoutu1.plist */; };
		63C84F8C1A0450120000322F /* qwordswithoutu2.plist in Resources */ = {isa = PBXBuildFile; fileRef = 63C84F8B1A0450120000322F /* qwordswithoutu2.plist */; };
		63CC22471A04394A00859883 /* AppDelegate.swift in Sources */ = {isa = PBXBuildFile; fileRef = 63CC22461A04394A00859883 /* AppDelegate.swift */; };
		63CC22491A04394A00859883 /* ViewController.swift in Sources */ = {isa = PBXBuildFile; fileRef = 63CC22481A04394A00859883 /* ViewController.swift */; };
		63CC224C1A04394A00859883 /* Main.storyboard in Resources */ = {isa = PBXBuildFile; fileRef = 63CC224A1A04394A00859883 /* Main.storyboard */; };
		63CC224E1A04394A00859883 /* Images.xcassets in Resources */ = {isa = PBXBuildFile; fileRef = 63CC224D1A04394A00859883 /* Images.xcassets */; };
		63CC22511A04394A00859883 /* LaunchScreen.xib in Resources */ = {isa = PBXBuildFile; fileRef = 63CC224F1A04394A00859883 /* LaunchScreen.xib */; };
		63CC225D1A04394A00859883 /* mmscrabbleQTests.swift in Sources */ = {isa = PBXBuildFile; fileRef = 63CC225C1A04394A00859883 /* mmscrabbleQTests.swift */; };
		63CC22691A044A2400859883 /* qwordswithoutu2.plist in Resources */ = {isa = PBXBuildFile; fileRef = 63CC22681A044A2400859883 /* qwordswithoutu2.plist */; };
/* End PBXBuildFile section */

/* Begin PBXContainerItemProxy section */
		63CC22571A04394A00859883 /* PBXContainerItemProxy */ = {
			isa = PBXContainerItemProxy;
			containerPortal = 63CC22391A04394A00859883 /* Project object */;
			proxyType = 1;
			remoteGlobalIDString = 63CC22401A04394A00859883;
			remoteInfo = mmscrabbleQ;
		};
/* End PBXContainerItemProxy section */

/* Begin PBXFileReference section */
		63C84F891A044FF90000322F /* qwordswithoutu1.plist */ = {isa = PBXFileReference; fileEncoding = 4; lastKnownFileType = text.plist.xml; path = qwordswithoutu1.plist; sourceTree = "<group>"; };
		63C84F8B1A0450120000322F /* qwordswithoutu2.plist */ = {isa = PBXFileReference; fileEncoding = 4; lastKnownFileType = text.plist.xml; path = qwordswithoutu2.plist; sourceTree = "<group>"; };
		63CC22411A04394A00859883 /* mmscrabbleQ.app */ = {isa = PBXFileReference; explicitFileType = wrapper.application; includeInIndex = 0; path = mmscrabbleQ.app; sourceTree = BUILT_PRODUCTS_DIR; };
		63CC22451A04394A00859883 /* Info.plist */ = {isa = PBXFileReference; lastKnownFileType = text.plist.xml; path = Info.plist; sourceTree = "<group>"; };
		63CC22461A04394A00859883 /* AppDelegate.swift */ = {isa = PBXFileReference; lastKnownFileType = sourcecode.swift; path = AppDelegate.swift; sourceTree = "<group>"; };
		63CC22481A04394A00859883 /* ViewController.swift */ = {isa = PBXFileReference; lastKnownFileType = sourcecode.swift; path = ViewController.swift; sourceTree = "<group>"; };
		63CC224B1A04394A00859883 /* Base */ = {isa = PBXFileReference; lastKnownFileType = file.storyboard; name = Base; path = Base.lproj/Main.storyboard; sourceTree = "<group>"; };
		63CC224D1A04394A00859883 /* Images.xcassets */ = {isa = PBXFileReference; lastKnownFileType = folder.assetcatalog; path = Images.xcassets; sourceTree = "<group>"; };
		63CC22501A04394A00859883 /* Base */ = {isa = PBXFileReference; lastKnownFileType = file.xib; name = Base; path = Base.lproj/LaunchScreen.xib; sourceTree = "<group>"; };
		63CC22561A04394A00859883 /* mmscrabbleQTests.xctest */ = {isa = PBXFileReference; explicitFileType = wrapper.cfbundle; includeInIndex = 0; path = mmscrabbleQTests.xctest; sourceTree = BUILT_PRODUCTS_DIR; };
		63CC225B1A04394A00859883 /* Info.plist */ = {isa = PBXFileReference; lastKnownFileType = text.plist.xml; path = Info.plist; sourceTree = "<group>"; };
		63CC225C1A04394A00859883 /* mmscrabbleQTests.swift */ = {isa = PBXFileReference; lastKnownFileType = sourcecode.swift; path = mmscrabbleQTests.swift; sourceTree = "<group>"; };
		63CC22681A044A2400859883 /* qwordswithoutu2.plist */ = {isa = PBXFileReference; fileEncoding = 4; lastKnownFileType = text.plist.xml; name = qwordswithoutu2.plist; path = mmscrabbleQTests/qwordswithoutu2.plist; sourceTree = SOURCE_ROOT; };
/* End PBXFileReference section */

/* Begin PBXFrameworksBuildPhase section */
		63CC223E1A04394A00859883 /* Frameworks */ = {
			isa = PBXFrameworksBuildPhase;
			buildActionMask = 2147483647;
			files = (
			);
			runOnlyForDeploymentPostprocessing = 0;
		};
		63CC22531A04394A00859883 /* Frameworks */ = {
			isa = PBXFrameworksBuildPhase;
			buildActionMask = 2147483647;
			files = (
			);
			runOnlyForDeploymentPostprocessing = 0;
		};
/* End PBXFrameworksBuildPhase section */

/* Begin PBXGroup section */
		63CC22381A04394A00859883 = {
			isa = PBXGroup;
			children = (
				63CC22431A04394A00859883 /* mmscrabbleQ */,
				63CC22591A04394A00859883 /* mmscrabbleQTests */,
				63CC22421A04394A00859883 /* Products */,
			);
			sourceTree = "<group>";
		};
		63CC22421A04394A00859883 /* Products */ = {
			isa = PBXGroup;
			children = (
				63CC22411A04394A00859883 /* mmscrabbleQ.app */,
				63CC22561A04394A00859883 /* mmscrabbleQTests.xctest */,
			);
			name = Products;
			sourceTree = "<group>";
		};
		63CC22431A04394A00859883 /* mmscrabbleQ */ = {
			isa = PBXGroup;
			children = (
				63CC22461A04394A00859883 /* AppDelegate.swift */,
				63CC22481A04394A00859883 /* ViewController.swift */,
				63CC224A1A04394A00859883 /* Main.storyboard */,
				63CC224D1A04394A00859883 /* Images.xcassets */,
				63CC224F1A04394A00859883 /* LaunchScreen.xib */,
				63CC22441A04394A00859883 /* Supporting Files */,
			);
			path = mmscrabbleQ;
			sourceTree = "<group>";
		};
		63CC22441A04394A00859883 /* Supporting Files */ = {
			isa = PBXGroup;
			children = (
				63C84F891A044FF90000322F /* qwordswithoutu1.plist */,
				63C84F8B1A0450120000322F /* qwordswithoutu2.plist */,
				63CC22451A04394A00859883 /* Info.plist */,
			);
			name = "Supporting Files";
			sourceTree = "<group>";
		};
		63CC22591A04394A00859883 /* mmscrabbleQTests */ = {
			isa = PBXGroup;
			children = (
				63CC225C1A04394A00859883 /* mmscrabbleQTests.swift */,
				63CC225A1A04394A00859883 /* Supporting Files */,
			);
			path = mmscrabbleQTests;
			sourceTree = "<group>";
		};
		63CC225A1A04394A00859883 /* Supporting Files */ = {
			isa = PBXGroup;
			children = (
				63CC22681A044A2400859883 /* qwordswithoutu2.plist */,
				63CC225B1A04394A00859883 /* Info.plist */,
			);
			name = "Supporting Files";
			sourceTree = "<group>";
		};
/* End PBXGroup section */

/* Begin PBXNativeTarget section */
		63CC22401A04394A00859883 /* mmscrabbleQ */ = {
			isa = PBXNativeTarget;
			buildConfigurationList = 63CC22601A04394A00859883 /* Build configuration list for PBXNativeTarget "mmscrabbleQ" */;
			buildPhases = (
				63CC223D1A04394A00859883 /* Sources */,
				63CC223E1A04394A00859883 /* Frameworks */,
				63CC223F1A04394A00859883 /* Resources */,
			);
			buildRules = (
			);
			dependencies = (
			);
			name = mmscrabbleQ;
			productName = mmscrabbleQ;
			productReference = 63CC22411A04394A00859883 /* mmscrabbleQ.app */;
			productType = "com.apple.product-type.application";
		};
		63CC22551A04394A00859883 /* mmscrabbleQTests */ = {
			isa = PBXNativeTarget;
			buildConfigurationList = 63CC22631A04394A00859883 /* Build configuration list for PBXNativeTarget "mmscrabbleQTests" */;
			buildPhases = (
				63CC22521A04394A00859883 /* Sources */,
				63CC22531A04394A00859883 /* Frameworks */,
				63CC22541A04394A00859883 /* Resources */,
			);
			buildRules = (
			);
			dependencies = (
				63CC22581A04394A00859883 /* PBXTargetDependency */,
			);
			name = mmscrabbleQTests;
			productName = mmscrabbleQTests;
			productReference = 63CC22561A04394A00859883 /* mmscrabbleQTests.xctest */;
			productType = "com.apple.product-type.bundle.unit-test";
		};
/* End PBXNativeTarget section */

/* Begin PBXProject section */
		63CC22391A04394A00859883 /* Project object */ = {
			isa = PBXProject;
			attributes = {
				LastUpgradeCheck = 0600;
				ORGANIZATIONNAME = "Milee Shrestha";
				TargetAttributes = {
					63CC22401A04394A00859883 = {
						CreatedOnToolsVersion = 6.0.1;
					};
					63CC22551A04394A00859883 = {
						CreatedOnToolsVersion = 6.0.1;
						TestTargetID = 63CC22401A04394A00859883;
					};
				};
			};
			buildConfigurationList = 63CC223C1A04394A00859883 /* Build configuration list for PBXProject "mmscrabbleQ" */;
			compatibilityVersion = "Xcode 3.2";
			developmentRegion = English;
			hasScannedForEncodings = 0;
			knownRegions = (
				en,
				Base,
			);
			mainGroup = 63CC22381A04394A00859883;
			productRefGroup = 63CC22421A04394A00859883 /* Products */;
			projectDirPath = "";
			projectRoot = "";
			targets = (
				63CC22401A04394A00859883 /* mmscrabbleQ */,
				63CC22551A04394A00859883 /* mmscrabbleQTests */,
			);
		};
/* End PBXProject section */

/* Begin PBXResourcesBuildPhase section */
		63CC223F1A04394A00859883 /* Resources */ = {
			isa = PBXResourcesBuildPhase;
			buildActionMask = 2147483647;
			files = (
				63C84F8C1A0450120000322F /* qwordswithoutu2.plist in Resources */,
				63CC224C1A04394A00859883 /* Main.storyboard in Resources */,
				63C84F8A1A044FF90000322F /* qwordswithoutu1.plist in Resources */,
				63CC22511A04394A00859883 /* LaunchScreen.xib in Resources */,
				63CC224E1A04394A00859883 /* Images.xcassets in Resources */,
			);
			runOnlyForDeploymentPostprocessing = 0;
		};
		63CC22541A04394A00859883 /* Resources */ = {
			isa = PBXResourcesBuildPhase;
			buildActionMask = 2147483647;
			files = (
				63CC22691A044A2400859883 /* qwordswithoutu2.plist in Resources */,
			);
			runOnlyForDeploymentPostprocessing = 0;
		};
/* End PBXResourcesBuildPhase section */

/* Begin PBXSourcesBuildPhase section */
		63CC223D1A04394A00859883 /* Sources */ = {
			isa = PBXSourcesBuildPhase;
			buildActionMask = 2147483647;
			files = (
				63CC22491A04394A00859883 /* ViewController.swift in Sources */,
				63CC22471A04394A00859883 /* AppDelegate.swift in Sources */,
			);
			runOnlyForDeploymentPostprocessing = 0;
		};
		63CC22521A04394A00859883 /* Sources */ = {
			isa = PBXSourcesBuildPhase;
			buildActionMask = 2147483647;
			files = (
				63CC225D1A04394A00859883 /* mmscrabbleQTests.swift in Sources */,
			);
			runOnlyForDeploymentPostprocessing = 0;
		};
/* End PBXSourcesBuildPhase section */

/* Begin PBXTargetDependency section */
		63CC22581A04394A00859883 /* PBXTargetDependency */ = {
			isa = PBXTargetDependency;
			target = 63CC22401A04394A00859883 /* mmscrabbleQ */;
			targetProxy = 63CC22571A04394A00859883 /* PBXContainerItemProxy */;
		};
/* End PBXTargetDependency section */

/* Begin PBXVariantGroup section */
		63CC224A1A04394A00859883 /* Main.storyboard */ = {
			isa = PBXVariantGroup;
			children = (
				63CC224B1A04394A00859883 /* Base */,
			);
			name = Main.storyboard;
			sourceTree = "<group>";
		};
		63CC224F1A04394A00859883 /* LaunchScreen.xib */ = {
			isa = PBXVariantGroup;
			children = (
				63CC22501A04394A00859883 /* Base */,
			);
			name = LaunchScreen.xib;
			sourceTree = "<group>";
		};
/* End PBXVariantGroup section */

/* Begin XCBuildConfiguration section */
		63CC225E1A04394A00859883 /* Debug */ = {
			isa = XCBuildConfiguration;
			buildSettings = {
				ALWAYS_SEARCH_USER_PATHS = NO;
				CLANG_CXX_LANGUAGE_STANDARD = "gnu++0x";
				CLANG_CXX_LIBRARY = "libc++";
				CLANG_ENABLE_MODULES = YES;
				CLANG_ENABLE_OBJC_ARC = YES;
				CLANG_WARN_BOOL_CONVERSION = YES;
				CLANG_WARN_CONSTANT_CONVERSION = YES;
				CLANG_WARN_DIRECT_OBJC_ISA_USAGE = YES_ERROR;
				CLANG_WARN_EMPTY_BODY = YES;
				CLANG_WARN_ENUM_CONVERSION = YES;
				CLANG_WARN_INT_CONVERSION = YES;
				CLANG_WARN_OBJC_ROOT_CLASS = YES_ERROR;
				CLANG_WARN_UNREACHABLE_CODE = YES;
				CLANG_WARN__DUPLICATE_METHOD_MATCH = YES;
				"CODE_SIGN_IDENTITY[sdk=iphoneos*]" = "iPhone Developer";
				COPY_PHASE_STRIP = NO;
				ENABLE_STRICT_OBJC_MSGSEND = YES;
				GCC_C_LANGUAGE_STANDARD = gnu99;
				GCC_DYNAMIC_NO_PIC = NO;
				GCC_OPTIMIZATION_LEVEL = 0;
				GCC_PREPROCESSOR_DEFINITIONS = (
					"DEBUG=1",
					"$(inherited)",
				);
				GCC_SYMBOLS_PRIVATE_EXTERN = NO;
				GCC_WARN_64_TO_32_BIT_CONVERSION = YES;
				GCC_WARN_ABOUT_RETURN_TYPE = YES_ERROR;
				GCC_WARN_UNDECLARED_SELECTOR = YES;
				GCC_WARN_UNINITIALIZED_AUTOS = YES_AGGRESSIVE;
				GCC_WARN_UNUSED_FUNCTION = YES;
				GCC_WARN_UNUSED_VARIABLE = YES;
				IPHONEOS_DEPLOYMENT_TARGET = 8.0;
				MTL_ENABLE_DEBUG_INFO = YES;
				ONLY_ACTIVE_ARCH = YES;
				SDKROOT = iphoneos;
				SWIFT_OPTIMIZATION_LEVEL = "-Onone";
			};
			name = Debug;
		};
		63CC225F1A04394A00859883 /* Release */ = {
			isa = XCBuildConfiguration;
			buildSettings = {
				ALWAYS_SEARCH_USER_PATHS = NO;
				CLANG_CXX_LANGUAGE_STANDARD = "gnu++0x";
				CLANG_CXX_LIBRARY = "libc++";
				CLANG_ENABLE_MODULES = YES;
				CLANG_ENABLE_OBJC_ARC = YES;
				CLANG_WARN_BOOL_CONVERSION = YES;
				CLANG_WARN_CONSTANT_CONVERSION = YES;
				CLANG_WARN_DIRECT_OBJC_ISA_USAGE = YES_ERROR;
				CLANG_WARN_EMPTY_BODY = YES;
				CLANG_WARN_ENUM_CONVERSION = YES;
				CLANG_WARN_INT_CONVERSION = YES;
				CLANG_WARN_OBJC_ROOT_CLASS = YES_ERROR;
				CLANG_WARN_UNREACHABLE_CODE = YES;
				CLANG_WARN__DUPLICATE_METHOD_MATCH = YES;
				"CODE_SIGN_IDENTITY[sdk=iphoneos*]" = "iPhone Developer";
				COPY_PHASE_STRIP = YES;
				ENABLE_NS_ASSERTIONS = NO;
				ENABLE_STRICT_OBJC_MSGSEND = YES;
				GCC_C_LANGUAGE_STANDARD = gnu99;
				GCC_WARN_64_TO_32_BIT_CONVERSION = YES;
				GCC_WARN_ABOUT_RETURN_TYPE = YES_ERROR;
				GCC_WARN_UNDECLARED_SELECTOR = YES;
				GCC_WARN_UNINITIALIZED_AUTOS = YES_AGGRESSIVE;
				GCC_WARN_UNUSED_FUNCTION = YES;
				GCC_WARN_UNUSED_VARIABLE = YES;
				IPHONEOS_DEPLOYMENT_TARGET = 8.0;
				MTL_ENABLE_DEBUG_INFO = NO;
				SDKROOT = iphoneos;
				VALIDATE_PRODUCT = YES;
			};
			name = Release;
		};
		63CC22611A04394A00859883 /* Debug */ = {
			isa = XCBuildConfiguration;
			buildSettings = {
				ASSETCATALOG_COMPILER_APPICON_NAME = AppIcon;
				INFOPLIST_FILE = mmscrabbleQ/Info.plist;
				LD_RUNPATH_SEARCH_PATHS = "$(inherited) @executable_path/Frameworks";
				PRODUCT_NAME = "$(TARGET_NAME)";
			};
			name = Debug;
		};
		63CC22621A04394A00859883 /* Release */ = {
			isa = XCBuildConfiguration;
			buildSettings = {
				ASSETCATALOG_COMPILER_APPICON_NAME = AppIcon;
				INFOPLIST_FILE = mmscrabbleQ/Info.plist;
				LD_RUNPATH_SEARCH_PATHS = "$(inherited) @executable_path/Frameworks";
				PRODUCT_NAME = "$(TARGET_NAME)";
			};
			name = Release;
		};
		63CC22641A04394A00859883 /* Debug */ = {
			isa = XCBuildConfiguration;
			buildSettings = {
				BUNDLE_LOADER = "$(TEST_HOST)";
				FRAMEWORK_SEARCH_PATHS = (
					"$(SDKROOT)/Developer/Library/Frameworks",
					"$(inherited)",
				);
				GCC_PREPROCESSOR_DEFINITIONS = (
					"DEBUG=1",
					"$(inherited)",
				);
				INFOPLIST_FILE = mmscrabbleQTests/Info.plist;
				LD_RUNPATH_SEARCH_PATHS = "$(inherited) @executable_path/Frameworks @loader_path/Frameworks";
				PRODUCT_NAME = "$(TARGET_NAME)";
				TEST_HOST = "$(BUILT_PRODUCTS_DIR)/mmscrabbleQ.app/mmscrabbleQ";
			};
			name = Debug;
		};
		63CC22651A04394A00859883 /* Release */ = {
			isa = XCBuildConfiguration;
			buildSettings = {
				BUNDLE_LOADER = "$(TEST_HOST)";
				FRAMEWORK_SEARCH_PATHS = (
					"$(SDKROOT)/Developer/Library/Frameworks",
					"$(inherited)",
				);
				INFOPLIST_FILE = mmscrabbleQTests/Info.plist;
				LD_RUNPATH_SEARCH_PATHS = "$(inherited) @executable_path/Frameworks @loader_path/Frameworks";
				PRODUCT_NAME = "$(TARGET_NAME)";
				TEST_HOST = "$(BUILT_PRODUCTS_DIR)/mmscrabbleQ.app/mmscrabbleQ";
			};
			name = Release;
		};
/* End XCBuildConfiguration section */

/* Begin XCConfigurationList section */
		63CC223C1A04394A00859883 /* Build configuration list for PBXProject "mmscrabbleQ" */ = {
			isa = XCConfigurationList;
			buildConfigurations = (
				63CC225E1A04394A00859883 /* Debug */,
				63CC225F1A04394A00859883 /* Release */,
			);
			defaultConfigurationIsVisible = 0;
			defaultConfigurationName = Release;
		};
		63CC22601A04394A00859883 /* Build configuration list for PBXNativeTarget "mmscrabbleQ" */ = {
			isa = XCConfigurationList;
			buildConfigurations = (
				63CC22611A04394A00859883 /* Debug */,
				63CC22621A04394A00859883 /* Release */,
			);
			defaultConfigurationIsVisible = 0;
			defaultConfigurationName = Release;
		};
		63CC22631A04394A00859883 /* Build configuration list for PBXNativeTarget "mmscrabbleQTests" */ = {
			isa = XCConfigurationList;
			buildConfigurations = (
				63CC22641A04394A00859883 /* Debug */,
				63CC22651A04394A00859883 /* Release */,
			);
			defaultConfigurationIsVisible = 0;
			defaultConfigurationName = Release;
		};
/* End XCConfigurationList section */
	};
	rootObject = 63CC22391A04394A00859883 /* Project object */;
}
